// !$*UTF8*$!
{
	archiveVersion = 1;
	classes = {
	};
	objectVersion = 56;
	objects = {

/* Begin PBXBuildFile section */
		EFC6115F2B0C227F00A73E7A /* AppDelegate.swift in Sources */ = {isa = PBXBuildFile; fileRef = EFC6115E2B0C227F00A73E7A /* AppDelegate.swift */; };
		EFC611612B0C227F00A73E7A /* SceneDelegate.swift in Sources */ = {isa = PBXBuildFile; fileRef = EFC611602B0C227F00A73E7A /* SceneDelegate.swift */; };
		EFC611632B0C227F00A73E7A /* ViewController.swift in Sources */ = {isa = PBXBuildFile; fileRef = EFC611622B0C227F00A73E7A /* ViewController.swift */; };
		EFC611662B0C227F00A73E7A /* Main.storyboard in Resources */ = {isa = PBXBuildFile; fileRef = EFC611642B0C227F00A73E7A /* Main.storyboard */; };
		EFC611682B0C228200A73E7A /* Assets.xcassets in Resources */ = {isa = PBXBuildFile; fileRef = EFC611672B0C228200A73E7A /* Assets.xcassets */; };
		EFC6116B2B0C228200A73E7A /* LaunchScreen.storyboard in Resources */ = {isa = PBXBuildFile; fileRef = EFC611692B0C228200A73E7A /* LaunchScreen.storyboard */; };
		EFC611732B0C255000A73E7A /* CalendarViewController.swift in Sources */ = {isa = PBXBuildFile; fileRef = EFC611722B0C255000A73E7A /* CalendarViewController.swift */; };
		EFC611752B0C257900A73E7A /* AstronomyPictureViewController.swift in Sources */ = {isa = PBXBuildFile; fileRef = EFC611742B0C257900A73E7A /* AstronomyPictureViewController.swift */; };
		EFC611772B0C259500A73E7A /* AstronomyPicture.swift in Sources */ = {isa = PBXBuildFile; fileRef = EFC611762B0C259500A73E7A /* AstronomyPicture.swift */; };
/* End PBXBuildFile section */

/* Begin PBXFileReference section */
		EFC6115B2B0C227F00A73E7A /* MyNASA.app */ = {isa = PBXFileReference; explicitFileType = wrapper.application; includeInIndex = 0; path = MyNASA.app; sourceTree = BUILT_PRODUCTS_DIR; };
		EFC6115E2B0C227F00A73E7A /* AppDelegate.swift */ = {isa = PBXFileReference; lastKnownFileType = sourcecode.swift; path = AppDelegate.swift; sourceTree = "<group>"; };
		EFC611602B0C227F00A73E7A /* SceneDelegate.swift */ = {isa = PBXFileReference; lastKnownFileType = sourcecode.swift; path = SceneDelegate.swift; sourceTree = "<group>"; };
		EFC611622B0C227F00A73E7A /* ViewController.swift */ = {isa = PBXFileReference; lastKnownFileType = sourcecode.swift; path = ViewController.swift; sourceTree = "<group>"; };
		EFC611652B0C227F00A73E7A /* Base */ = {isa = PBXFileReference; lastKnownFileType = file.storyboard; name = Base; path = Base.lproj/Main.storyboard; sourceTree = "<group>"; };
		EFC611672B0C228200A73E7A /* Assets.xcassets */ = {isa = PBXFileReference; lastKnownFileType = folder.assetcatalog; path = Assets.xcassets; sourceTree = "<group>"; };
		EFC6116A2B0C228200A73E7A /* Base */ = {isa = PBXFileReference; lastKnownFileType = file.storyboard; name = Base; path = Base.lproj/LaunchScreen.storyboard; sourceTree = "<group>"; };
		EFC6116C2B0C228200A73E7A /* Info.plist */ = {isa = PBXFileReference; lastKnownFileType = text.plist.xml; path = Info.plist; sourceTree = "<group>"; };
		EFC611722B0C255000A73E7A /* CalendarViewController.swift */ = {isa = PBXFileReference; lastKnownFileType = sourcecode.swift; path = CalendarViewController.swift; sourceTree = "<group>"; };
		EFC611742B0C257900A73E7A /* AstronomyPictureViewController.swift */ = {isa = PBXFileReference; lastKnownFileType = sourcecode.swift; path = AstronomyPictureViewController.swift; sourceTree = "<group>"; };
		EFC611762B0C259500A73E7A /* AstronomyPicture.swift */ = {isa = PBXFileReference; lastKnownFileType = sourcecode.swift; path = AstronomyPicture.swift; sourceTree = "<group>"; };
/* End PBXFileReference section */

/* Begin PBXFrameworksBuildPhase section */
		EFC611582B0C227F00A73E7A /* Frameworks */ = {
			isa = PBXFrameworksBuildPhase;
			buildActionMask = 2147483647;
			files = (
			);
			runOnlyForDeploymentPostprocessing = 0;
		};
/* End PBXFrameworksBuildPhase section */

/* Begin PBXGroup section */
		EFC611522B0C227F00A73E7A = {
			isa = PBXGroup;
			children = (
				EFC6115D2B0C227F00A73E7A /* MyNASA */,
				EFC6115C2B0C227F00A73E7A /* Products */,
			);
			sourceTree = "<group>";
		};
		EFC6115C2B0C227F00A73E7A /* Products */ = {
			isa = PBXGroup;
			children = (
				EFC6115B2B0C227F00A73E7A /* MyNASA.app */,
			);
			name = Products;
			sourceTree = "<group>";
		};
		EFC6115D2B0C227F00A73E7A /* MyNASA */ = {
			isa = PBXGroup;
			children = (
				EFC6115E2B0C227F00A73E7A /* AppDelegate.swift */,
				EFC611602B0C227F00A73E7A /* SceneDelegate.swift */,
				EFC611622B0C227F00A73E7A /* ViewController.swift */,
				EFC611642B0C227F00A73E7A /* Main.storyboard */,
				EFC611672B0C228200A73E7A /* Assets.xcassets */,
				EFC611692B0C228200A73E7A /* LaunchScreen.storyboard */,
				EFC6116C2B0C228200A73E7A /* Info.plist */,
				EFC611722B0C255000A73E7A /* CalendarViewController.swift */,
				EFC611742B0C257900A73E7A /* AstronomyPictureViewController.swift */,
				EFC611762B0C259500A73E7A /* AstronomyPicture.swift */,
			);
			path = MyNASA;
			sourceTree = "<group>";
		};
/* End PBXGroup section */

/* Begin PBXNativeTarget section */
		EFC6115A2B0C227F00A73E7A /* MyNASA */ = {
			isa = PBXNativeTarget;
			buildConfigurationList = EFC6116F2B0C228200A73E7A /* Build configuration list for PBXNativeTarget "MyNASA" */;
			buildPhases = (
				EFC611572B0C227F00A73E7A /* Sources */,
				EFC611582B0C227F00A73E7A /* Frameworks */,
				EFC611592B0C227F00A73E7A /* Resources */,
			);
			buildRules = (
			);
			dependencies = (
			);
			name = MyNASA;
			productName = MyNASA;
			productReference = EFC6115B2B0C227F00A73E7A /* MyNASA.app */;
			productType = "com.apple.product-type.application";
		};
/* End PBXNativeTarget section */

/* Begin PBXProject section */
		EFC611532B0C227F00A73E7A /* Project object */ = {
			isa = PBXProject;
			attributes = {
				BuildIndependentTargetsInParallel = 1;
				LastSwiftUpdateCheck = 1500;
				LastUpgradeCheck = 1500;
				TargetAttributes = {
					EFC6115A2B0C227F00A73E7A = {
						CreatedOnToolsVersion = 15.0.1;
					};
				};
			};
			buildConfigurationList = EFC611562B0C227F00A73E7A /* Build configuration list for PBXProject "MyNASA" */;
			compatibilityVersion = "Xcode 14.0";
			developmentRegion = en;
			hasScannedForEncodings = 0;
			knownRegions = (
				en,
				Base,
			);
			mainGroup = EFC611522B0C227F00A73E7A;
			productRefGroup = EFC6115C2B0C227F00A73E7A /* Products */;
			projectDirPath = "";
			projectRoot = "";
			targets = (
				EFC6115A2B0C227F00A73E7A /* MyNASA */,
			);
		};
/* End PBXProject section */

/* Begin PBXResourcesBuildPhase section */
		EFC611592B0C227F00A73E7A /* Resources */ = {
			isa = PBXResourcesBuildPhase;
			buildActionMask = 2147483647;
			files = (
				EFC6116B2B0C228200A73E7A /* LaunchScreen.storyboard in Resources */,
				EFC611682B0C228200A73E7A /* Assets.xcassets in Resources */,
				EFC611662B0C227F00A73E7A /* Main.storyboard in Resources */,
			);
			runOnlyForDeploymentPostprocessing = 0;
		};
/* End PBXResourcesBuildPhase section */

/* Begin PBXSourcesBuildPhase section */
		EFC611572B0C227F00A73E7A /* Sources */ = {
			isa = PBXSourcesBuildPhase;
			buildActionMask = 2147483647;
			files = (
				EFC611732B0C255000A73E7A /* CalendarViewController.swift in Sources */,
				EFC611772B0C259500A73E7A /* AstronomyPicture.swift in Sources */,
				EFC611752B0C257900A73E7A /* AstronomyPictureViewController.swift in Sources */,
				EFC611632B0C227F00A73E7A /* ViewController.swift in Sources */,
				EFC6115F2B0C227F00A73E7A /* AppDelegate.swift in Sources */,
				EFC611612B0C227F00A73E7A /* SceneDelegate.swift in Sources */,
			);
			runOnlyForDeploymentPostprocessing = 0;
		};
/* End PBXSourcesBuildPhase section */

/* Begin PBXVariantGroup section */
		EFC611642B0C227F00A73E7A /* Main.storyboard */ = {
			isa = PBXVariantGroup;
			children = (
				EFC611652B0C227F00A73E7A /* Base */,
			);
			name = Main.storyboard;
			sourceTree = "<group>";
		};
		EFC611692B0C228200A73E7A /* LaunchScreen.storyboard */ = {
			isa = PBXVariantGroup;
			children = (
				EFC6116A2B0C228200A73E7A /* Base */,
			);
			name = LaunchScreen.storyboard;
			sourceTree = "<group>";
		};
/* End PBXVariantGroup section */

/* Begin XCBuildConfiguration section */
		EFC6116D2B0C228200A73E7A /* Debug */ = {
			isa = XCBuildConfiguration;
			buildSettings = {
				ALWAYS_SEARCH_USER_PATHS = NO;
				ASSETCATALOG_COMPILER_GENERATE_SWIFT_ASSET_SYMBOL_EXTENSIONS = YES;
				CLANG_ANALYZER_NONNULL = YES;
				CLANG_ANALYZER_NUMBER_OBJECT_CONVERSION = YES_AGGRESSIVE;
				CLANG_CXX_LANGUAGE_STANDARD = "gnu++20";
				CLANG_ENABLE_MODULES = YES;
				CLANG_ENABLE_OBJC_ARC = YES;
				CLANG_ENABLE_OBJC_WEAK = YES;
				CLANG_WARN_BLOCK_CAPTURE_AUTORELEASING = YES;
				CLANG_WARN_BOOL_CONVERSION = YES;
				CLANG_WARN_COMMA = YES;
				CLANG_WARN_CONSTANT_CONVERSION = YES;
				CLANG_WARN_DEPRECATED_OBJC_IMPLEMENTATIONS = YES;
				CLANG_WARN_DIRECT_OBJC_ISA_USAGE = YES_ERROR;
				CLANG_WARN_DOCUMENTATION_COMMENTS = YES;
				CLANG_WARN_EMPTY_BODY = YES;
				CLANG_WARN_ENUM_CONVERSION = YES;
				CLANG_WARN_INFINITE_RECURSION = YES;
				CLANG_WARN_INT_CONVERSION = YES;
				CLANG_WARN_NON_LITERAL_NULL_CONVERSION = YES;
				CLANG_WARN_OBJC_IMPLICIT_RETAIN_SELF = YES;
				CLANG_WARN_OBJC_LITERAL_CONVERSION = YES;
				CLANG_WARN_OBJC_ROOT_CLASS = YES_ERROR;
				CLANG_WARN_QUOTED_INCLUDE_IN_FRAMEWORK_HEADER = YES;
				CLANG_WARN_RANGE_LOOP_ANALYSIS = YES;
				CLANG_WARN_STRICT_PROTOTYPES = YES;
				CLANG_WARN_SUSPICIOUS_MOVE = YES;
				CLANG_WARN_UNGUARDED_AVAILABILITY = YES_AGGRESSIVE;
				CLANG_WARN_UNREACHABLE_CODE = YES;
				CLANG_WARN__DUPLICATE_METHOD_MATCH = YES;
				COPY_PHASE_STRIP = NO;
				DEBUG_INFORMATION_FORMAT = dwarf;
				ENABLE_STRICT_OBJC_MSGSEND = YES;
				ENABLE_TESTABILITY = YES;
				ENABLE_USER_SCRIPT_SANDBOXING = YES;
				GCC_C_LANGUAGE_STANDARD = gnu17;
				GCC_DYNAMIC_NO_PIC = NO;
				GCC_NO_COMMON_BLOCKS = YES;
				GCC_OPTIMIZATION_LEVEL = 0;
				GCC_PREPROCESSOR_DEFINITIONS = (
					"DEBUG=1",
					"$(inherited)",
				);
				GCC_WARN_64_TO_32_BIT_CONVERSION = YES;
				GCC_WARN_ABOUT_RETURN_TYPE = YES_ERROR;
				GCC_WARN_UNDECLARED_SELECTOR = YES;
				GCC_WARN_UNINITIALIZED_AUTOS = YES_AGGRESSIVE;
				GCC_WARN_UNUSED_FUNCTION = YES;
				GCC_WARN_UNUSED_VARIABLE = YES;
				IPHONEOS_DEPLOYMENT_TARGET = 17.0;
				LOCALIZATION_PREFERS_STRING_CATALOGS = YES;
				MTL_ENABLE_DEBUG_INFO = INCLUDE_SOURCE;
				MTL_FAST_MATH = YES;
				ONLY_ACTIVE_ARCH = YES;
				SDKROOT = iphoneos;
				SWIFT_ACTIVE_COMPILATION_CONDITIONS = "DEBUG $(inherited)";
				SWIFT_OPTIMIZATION_LEVEL = "-Onone";
			};
			name = Debug;
		};
		EFC6116E2B0C228200A73E7A /* Release */ = {
			isa = XCBuildConfiguration;
			buildSettings = {
				ALWAYS_SEARCH_USER_PATHS = NO;
				ASSETCATALOG_COMPILER_GENERATE_SWIFT_ASSET_SYMBOL_EXTENSIONS = YES;
				CLANG_ANALYZER_NONNULL = YES;
				CLANG_ANALYZER_NUMBER_OBJECT_CONVERSION = YES_AGGRESSIVE;
				CLANG_CXX_LANGUAGE_STANDARD = "gnu++20";
				CLANG_ENABLE_MODULES = YES;
				CLANG_ENABLE_OBJC_ARC = YES;
				CLANG_ENABLE_OBJC_WEAK = YES;
				CLANG_WARN_BLOCK_CAPTURE_AUTORELEASING = YES;
				CLANG_WARN_BOOL_CONVERSION = YES;
				CLANG_WARN_COMMA = YES;
				CLANG_WARN_CONSTANT_CONVERSION = YES;
				CLANG_WARN_DEPRECATED_OBJC_IMPLEMENTATIONS = YES;
				CLANG_WARN_DIRECT_OBJC_ISA_USAGE = YES_ERROR;
				CLANG_WARN_DOCUMENTATION_COMMENTS = YES;
				CLANG_WARN_EMPTY_BODY = YES;
				CLANG_WARN_ENUM_CONVERSION = YES;
				CLANG_WARN_INFINITE_RECURSION = YES;
				CLANG_WARN_INT_CONVERSION = YES;
				CLANG_WARN_NON_LITERAL_NULL_CONVERSION = YES;
				CLANG_WARN_OBJC_IMPLICIT_RETAIN_SELF = YES;
				CLANG_WARN_OBJC_LITERAL_CONVERSION = YES;
				CLANG_WARN_OBJC_ROOT_CLASS = YES_ERROR;
				CLANG_WARN_QUOTED_INCLUDE_IN_FRAMEWORK_HEADER = YES;
				CLANG_WARN_RANGE_LOOP_ANALYSIS = YES;
				CLANG_WARN_STRICT_PROTOTYPES = YES;
				CLANG_WARN_SUSPICIOUS_MOVE = YES;
				CLANG_WARN_UNGUARDED_AVAILABILITY = YES_AGGRESSIVE;
				CLANG_WARN_UNREACHABLE_CODE = YES;
				CLANG_WARN__DUPLICATE_METHOD_MATCH = YES;
				COPY_PHASE_STRIP = NO;
				DEBUG_INFORMATION_FORMAT = "dwarf-with-dsym";
				ENABLE_NS_ASSERTIONS = NO;
				ENABLE_STRICT_OBJC_MSGSEND = YES;
				ENABLE_USER_SCRIPT_SANDBOXING = YES;
				GCC_C_LANGUAGE_STANDARD = gnu17;
				GCC_NO_COMMON_BLOCKS = YES;
				GCC_WARN_64_TO_32_BIT_CONVERSION = YES;
				GCC_WARN_ABOUT_RETURN_TYPE = YES_ERROR;
				GCC_WARN_UNDECLARED_SELECTOR = YES;
				GCC_WARN_UNINITIALIZED_AUTOS = YES_AGGRESSIVE;
				GCC_WARN_UNUSED_FUNCTION = YES;
				GCC_WARN_UNUSED_VARIABLE = YES;
				IPHONEOS_DEPLOYMENT_TARGET = 17.0;
				LOCALIZATION_PREFERS_STRING_CATALOGS = YES;
				MTL_ENABLE_DEBUG_INFO = NO;
				MTL_FAST_MATH = YES;
				SDKROOT = iphoneos;
				SWIFT_COMPILATION_MODE = wholemodule;
				VALIDATE_PRODUCT = YES;
			};
			name = Release;
		};
		EFC611702B0C228200A73E7A /* Debug */ = {
			isa = XCBuildConfiguration;
			buildSettings = {
				ASSETCATALOG_COMPILER_APPICON_NAME = AppIcon;
				ASSETCATALOG_COMPILER_GLOBAL_ACCENT_COLOR_NAME = AccentColor;
				CODE_SIGN_STYLE = Automatic;
				CURRENT_PROJECT_VERSION = 1;
				DEVELOPMENT_TEAM = NJS96UDXFV;
				GENERATE_INFOPLIST_FILE = YES;
				INFOPLIST_FILE = MyNASA/Info.plist;
				INFOPLIST_KEY_UIApplicationSupportsIndirectInputEvents = YES;
				INFOPLIST_KEY_UILaunchStoryboardName = LaunchScreen;
				INFOPLIST_KEY_UIMainStoryboardFile = Main;
				INFOPLIST_KEY_UISupportedInterfaceOrientations_iPad = "UIInterfaceOrientationPortrait UIInterfaceOrientationPortraitUpsideDown UIInterfaceOrientationLandscapeLeft UIInterfaceOrientationLandscapeRight";
				INFOPLIST_KEY_UISupportedInterfaceOrientations_iPhone = "UIInterfaceOrientationPortrait UIInterfaceOrientationLandscapeLeft UIInterfaceOrientationLandscapeRight";
				LD_RUNPATH_SEARCH_PATHS = (
					"$(inherited)",
					"@executable_path/Frameworks",
				);
				MARKETING_VERSION = 1.0;
				PRODUCT_BUNDLE_IDENTIFIER = com.disaldana.MyNASA;
				PRODUCT_NAME = "$(TARGET_NAME)";
				SWIFT_EMIT_LOC_STRINGS = YES;
				SWIFT_VERSION = 5.0;
				TARGETED_DEVICE_FAMILY = "1,2";
			};
			name = Debug;
		};
		EFC611712B0C228200A73E7A /* Release */ = {
			isa = XCBuildConfiguration;
			buildSettings = {
				ASSETCATALOG_COMPILER_APPICON_NAME = AppIcon;
				ASSETCATALOG_COMPILER_GLOBAL_ACCENT_COLOR_NAME = AccentColor;
				CODE_SIGN_STYLE = Automatic;
				CURRENT_PROJECT_VERSION = 1;
				DEVELOPMENT_TEAM = NJS96UDXFV;
				GENERATE_INFOPLIST_FILE = YES;
				INFOPLIST_FILE = MyNASA/Info.plist;
				INFOPLIST_KEY_UIApplicationSupportsIndirectInputEvents = YES;
				INFOPLIST_KEY_UILaunchStoryboardName = LaunchScreen;
				INFOPLIST_KEY_UIMainStoryboardFile = Main;
				INFOPLIST_KEY_UISupportedInterfaceOrientations_iPad = "UIInterfaceOrientationPortrait UIInterfaceOrientationPortraitUpsideDown UIInterfaceOrientationLandscapeLeft UIInterfaceOrientationLandscapeRight";
				INFOPLIST_KEY_UISupportedInterfaceOrientations_iPhone = "UIInterfaceOrientationPortrait UIInterfaceOrientationLandscapeLeft UIInterfaceOrientationLandscapeRight";
				LD_RUNPATH_SEARCH_PATHS = (
					"$(inherited)",
					"@executable_path/Frameworks",
				);
				MARKETING_VERSION = 1.0;
				PRODUCT_BUNDLE_IDENTIFIER = com.disaldana.MyNASA;
				PRODUCT_NAME = "$(TARGET_NAME)";
				SWIFT_EMIT_LOC_STRINGS = YES;
				SWIFT_VERSION = 5.0;
				TARGETED_DEVICE_FAMILY = "1,2";
			};
			name = Release;
		};
/* End XCBuildConfiguration section */

/* Begin XCConfigurationList section */
		EFC611562B0C227F00A73E7A /* Build configuration list for PBXProject "MyNASA" */ = {
			isa = XCConfigurationList;
			buildConfigurations = (
				EFC6116D2B0C228200A73E7A /* Debug */,
				EFC6116E2B0C228200A73E7A /* Release */,
			);
			defaultConfigurationIsVisible = 0;
			defaultConfigurationName = Release;
		};
		EFC6116F2B0C228200A73E7A /* Build configuration list for PBXNativeTarget "MyNASA" */ = {
			isa = XCConfigurationList;
			buildConfigurations = (
				EFC611702B0C228200A73E7A /* Debug */,
				EFC611712B0C228200A73E7A /* Release */,
			);
			defaultConfigurationIsVisible = 0;
			defaultConfigurationName = Release;
		};
/* End XCConfigurationList section */
	};
	rootObject = EFC611532B0C227F00A73E7A /* Project object */;
}
